
Microsoft Visual Studio Solution File, Format Version 12.00
# Visual Studio Version 17
VisualStudioVersion = 17.3.32922.545
MinimumVisualStudioVersion = 10.0.40219.1
Project("{9A19103F-16F7-4668-BE54-9A1E7A4F7556}") = "AoC_1_2022", "AoC_1_2022\AoC_1_2022.csproj", "{70BC8228-6BC8-48D6-B162-FEFCB1332DF2}"
EndProject
Project("{9A19103F-16F7-4668-BE54-9A1E7A4F7556}") = "AoC_2_2022", "AoC_2_2022\AoC_2_2022.csproj", "{95F2F448-39DB-40E9-977C-2D165D30D31A}"
EndProject
Project("{9A19103F-16F7-4668-BE54-9A1E7A4F7556}") = "AoC_3_2022", "AoC_3_2022\AoC_3_2022.csproj", "{B88D1425-1B53-4CEE-84F4-8077E18D6315}"
EndProject
Project("{9A19103F-16F7-4668-BE54-9A1E7A4F7556}") = "AoC_4_2022", "AoC_4_2022\AoC_4_2022.csproj", "{8E41EBB6-54E7-4D21-8AC0-C1634E9EB105}"
EndProject
Project("{9A19103F-16F7-4668-BE54-9A1E7A4F7556}") = "AoC_5_2022", "AoC_5_2022\AoC_5_2022.csproj", "{BFE35938-4F27-40C1-A52E-846F14CFCA60}"
EndProject
Project("{9A19103F-16F7-4668-BE54-9A1E7A4F7556}") = "AoC_6_2022", "AoC_6_2022\AoC_6_2022.csproj", "{460A502B-8F5D-4370-86F9-91007C4024F1}"
EndProject
Project("{9A19103F-16F7-4668-BE54-9A1E7A4F7556}") = "AoC_7_2022", "AoC_7_2022\AoC_7_2022.csproj", "{2869D8A5-31BA-4899-BC7E-3EA0E6F6C00E}"
EndProject
Project("{FAE04EC0-301F-11D3-BF4B-00C04F79EFBC}") = "AoC_8_2022", "AoC_8_2022\AoC_8_2022.csproj", "{8291D76E-946D-4C91-9DCF-75E8BB4D88CA}"
EndProject
Global
	GlobalSection(SolutionConfigurationPlatforms) = preSolution
		Debug|Any CPU = Debug|Any CPU
		Release|Any CPU = Release|Any CPU
	EndGlobalSection
	GlobalSection(ProjectConfigurationPlatforms) = postSolution
		{70BC8228-6BC8-48D6-B162-FEFCB1332DF2}.Debug|Any CPU.ActiveCfg = Debug|Any CPU
		{70BC8228-6BC8-48D6-B162-FEFCB1332DF2}.Debug|Any CPU.Build.0 = Debug|Any CPU
		{70BC8228-6BC8-48D6-B162-FEFCB1332DF2}.Release|Any CPU.ActiveCfg = Release|Any CPU
		{70BC8228-6BC8-48D6-B162-FEFCB1332DF2}.Release|Any CPU.Build.0 = Release|Any CPU
		{95F2F448-39DB-40E9-977C-2D165D30D31A}.Debug|Any CPU.ActiveCfg = Debug|Any CPU
		{95F2F448-39DB-40E9-977C-2D165D30D31A}.Debug|Any CPU.Build.0 = Debug|Any CPU
		{95F2F448-39DB-40E9-977C-2D165D30D31A}.Release|Any CPU.ActiveCfg = Release|Any CPU
		{95F2F448-39DB-40E9-977C-2D165D30D31A}.Release|Any CPU.Build.0 = Release|Any CPU
		{B88D1425-1B53-4CEE-84F4-8077E18D6315}.Debug|Any CPU.ActiveCfg = Debug|Any CPU
		{B88D1425-1B53-4CEE-84F4-8077E18D6315}.Debug|Any CPU.Build.0 = Debug|Any CPU
		{B88D1425-1B53-4CEE-84F4-8077E18D6315}.Release|Any CPU.ActiveCfg = Release|Any CPU
		{B88D1425-1B53-4CEE-84F4-8077E18D6315}.Release|Any CPU.Build.0 = Release|Any CPU
		{8E41EBB6-54E7-4D21-8AC0-C1634E9EB105}.Debug|Any CPU.ActiveCfg = Debug|Any CPU
		{8E41EBB6-54E7-4D21-8AC0-C1634E9EB105}.Debug|Any CPU.Build.0 = Debug|Any CPU
		{8E41EBB6-54E7-4D21-8AC0-C1634E9EB105}.Release|Any CPU.ActiveCfg = Release|Any CPU
		{8E41EBB6-54E7-4D21-8AC0-C1634E9EB105}.Release|Any CPU.Build.0 = Release|Any CPU
		{BFE35938-4F27-40C1-A52E-846F14CFCA60}.Debug|Any CPU.ActiveCfg = Debug|Any CPU
		{BFE35938-4F27-40C1-A52E-846F14CFCA60}.Debug|Any CPU.Build.0 = Debug|Any CPU
		{BFE35938-4F27-40C1-A52E-846F14CFCA60}.Release|Any CPU.ActiveCfg = Release|Any CPU
		{BFE35938-4F27-40C1-A52E-846F14CFCA60}.Release|Any CPU.Build.0 = Release|Any CPU
		{460A502B-8F5D-4370-86F9-91007C4024F1}.Debug|Any CPU.ActiveCfg = Debug|Any CPU
		{460A502B-8F5D-4370-86F9-91007C4024F1}.Debug|Any CPU.Build.0 = Debug|Any CPU
		{460A502B-8F5D-4370-86F9-91007C4024F1}.Release|Any CPU.ActiveCfg = Release|Any CPU
		{460A502B-8F5D-4370-86F9-91007C4024F1}.Release|Any CPU.Build.0 = Release|Any CPU
		{2869D8A5-31BA-4899-BC7E-3EA0E6F6C00E}.Debug|Any CPU.ActiveCfg = Debug|Any CPU
		{2869D8A5-31BA-4899-BC7E-3EA0E6F6C00E}.Debug|Any CPU.Build.0 = Debug|Any CPU
		{2869D8A5-31BA-4899-BC7E-3EA0E6F6C00E}.Release|Any CPU.ActiveCfg = Release|Any CPU
		{2869D8A5-31BA-4899-BC7E-3EA0E6F6C00E}.Release|Any CPU.Build.0 = Release|Any CPU
		{8291D76E-946D-4C91-9DCF-75E8BB4D88CA}.Debug|Any CPU.ActiveCfg = Debug|Any CPU
		{8291D76E-946D-4C91-9DCF-75E8BB4D88CA}.Debug|Any CPU.Build.0 = Debug|Any CPU
		{8291D76E-946D-4C91-9DCF-75E8BB4D88CA}.Release|Any CPU.ActiveCfg = Release|Any CPU
		{8291D76E-946D-4C91-9DCF-75E8BB4D88CA}.Release|Any CPU.Build.0 = Release|Any CPU
	EndGlobalSection
	GlobalSection(SolutionProperties) = preSolution
		HideSolutionNode = FALSE
	EndGlobalSection
	GlobalSection(ExtensibilityGlobals) = postSolution
		SolutionGuid = {BE3C62B8-151A-444B-9E15-E83331393A5A}
	EndGlobalSection
EndGlobal
